
Microsoft Visual Studio Solution File, Format Version 12.00
# Visual Studio Version 17
VisualStudioVersion = 17.2.32526.322
MinimumVisualStudioVersion = 10.0.40219.1
Project("{9A19103F-16F7-4668-BE54-9A1E7A4F7556}") = "Ogrenci_ve_Not_Sistemi_AspNetCoreMVC", "Ogrenci_ve_Not_Sistemi_AspNetCoreMVC\Ogrenci_ve_Not_Sistemi_AspNetCoreMVC.csproj", "{31F91F2B-88D2-4C75-910D-FD7A1B2B920B}"
EndProject
Global
	GlobalSection(SolutionConfigurationPlatforms) = preSolution
		Debug|Any CPU = Debug|Any CPU
		Release|Any CPU = Release|Any CPU
	EndGlobalSection
	GlobalSection(ProjectConfigurationPlatforms) = postSolution
		{31F91F2B-88D2-4C75-910D-FD7A1B2B920B}.Debug|Any CPU.ActiveCfg = Debug|Any CPU
		{31F91F2B-88D2-4C75-910D-FD7A1B2B920B}.Debug|Any CPU.Build.0 = Debug|Any CPU
		{31F91F2B-88D2-4C75-910D-FD7A1B2B920B}.Release|Any CPU.ActiveCfg = Release|Any CPU
		{31F91F2B-88D2-4C75-910D-FD7A1B2B920B}.Release|Any CPU.Build.0 = Release|Any CPU
	EndGlobalSection
	GlobalSection(SolutionProperties) = preSolution
		HideSolutionNode = FALSE
	EndGlobalSection
	GlobalSection(ExtensibilityGlobals) = postSolution
		SolutionGuid = {10E13DB4-93B7-4666-87B1-D2AB946AF3A8}
	EndGlobalSection
EndGlobal
